# GENERATED FILE - DO NOT EDIT DIRECTLY
schema_version: 1

bundle:
  version: "0.8.0-dev"
  release_sequence: 0
  channel: "development"
  source_tree_digest: "sha256:0000000000000000000000000000000000000000000000000000000000000001"
  digest: "sha256:620a284abd424fa8e2d34d77447d2435f300b6c3c69016f447fbe479b5db655f"

projection:
  input_digest: "sha256:1d6bdbba745ef7f1d231358b76744f6bb87db8dd9af238905b9a6baab01d51a8"
  output_digest: "sha256:e908b4adc5bdd3b1083958a9dad4732811919e74da23bb862d4a152ecb490151"
  files:
    - path: ".claude/CLAUDE.md"
      digest: "sha256:6c13e455efb696aa54024defeeb3700d70683e759014f9d749cf16b6b54b28a9"
    - path: ".gds/compiled-policy.json"
      digest: "sha256:24850d3c840160a5bef16753424da983b1e220984e2457fd22ee03ed278f1f1b"
    - path: ".github/workflows/gds-ci.yml"
      digest: "sha256:320e4436a13c228c5260695cda0aa528e9757534b3b0336e2283e262124be1dc"
    - path: "AGENTS.md"
      digest: "sha256:4814e714012fbeadcaada7d9121e4363f16c32e702e8949ee05eea26dde8e9d9"
