# GENERATED FILE - DO NOT EDIT DIRECTLY
schema_version: 1

bundle:
  version: "0.9.3-dev"
  release_sequence: 0
  channel: "development"
  source_tree_digest: "sha256:0000000000000000000000000000000000000000000000000000000000000001"
  digest: "sha256:e456e1a242a6267b9832cc2f45e7ae89d422ba45773d2e5478b5e0a5390dd156"

projection:
  input_digest: "sha256:2166c46344bebb92028b5e9c20165d60316a3481b322fd53601c12d36732ce14"
  output_digest: "sha256:587fa4e8aa5b2c401247809cccd4387bc8cae55a90d1efcfd9a2c896681bc56a"
  files:
    - path: ".claude/CLAUDE.md"
      digest: "sha256:e523156c25acfe28213e755fee8323e27f6be06cd5f954d31b6084074fbc5529"
    - path: ".gds/compiled-policy.json"
      digest: "sha256:6aed44f82d7b00a8f59aabc760779ce1b2f97e2c65f69196c350f77c4ffc2702"
    - path: ".github/workflows/gds-ci.yml"
      digest: "sha256:5343f224f08fe265182397ce541c2f418b9b89765c79a32c69c424ffe74edb77"
    - path: "AGENTS.md"
      digest: "sha256:b05202663aa8b91045731e625c635096324df6ee19ad7608efd9acc812e0e771"
