schema_version: 1

bundle:
  version: "0.1.0-dev"
  release_sequence: 0
  channel: "development"
  source_commit: "0123456789abcdef0123456789abcdef01234567"
  digest: "sha256:aaaaaaaaaaaaaaaaaaaaaaaaaaaaaaaaaaaaaaaaaaaaaaaaaaaaaaaaaaaaaaaa"

projection:
  input_digest: "sha256:bbbbbbbbbbbbbbbbbbbbbbbbbbbbbbbbbbbbbbbbbbbbbbbbbbbbbbbbbbbbbbbb"
  output_digest: "sha256:c973f53816126d6e553a6565158d0692ad2fa414b237e1da580f9b6e520aae53"
  files:
    - path: ".gds/compiled-policy.json"
      digest: "sha256:eeeeeeeeeeeeeeeeeeeeeeeeeeeeeeeeeeeeeeeeeeeeeeeeeeeeeeeeeeeeeeee"
    - path: "AGENTS.md"
      digest: "sha256:dddddddddddddddddddddddddddddddddddddddddddddddddddddddddddddddd"
