# GENERATED FILE - DO NOT EDIT DIRECTLY
schema_version: 1

bundle:
  version: "0.9.7-dev"
  release_sequence: 0
  source_tree_digest: "sha256:ff0bdb5a3aecc647e785a571e5b08f4d47afdf4b9865139b63670f7636ed0df0"
  digest: "sha256:83833e3c808531d699accaa7bde3e31289a631da93553c4fae5d08d9ffe902cd"

projection:
  input_digest: "sha256:847d847bf309749351054160ec089ef7f7d22a1969c26a3eb82ca69fa58beb23"
  output_digest: "sha256:469c17732e4509ca38c6f2903b590cc0e8670502f965ebf50b4b40833e3f2cb4"
  files:
    - path: ".gds/compiled-policy.json"
      digest: "sha256:9f498788bdc34e52a0ab793c536e0e6a7b360c2e1a20446cbf03ed51986cdc6f"
    - path: ".github/workflows/gds-ci.yml"
      digest: "sha256:75d8ce3e084bc5b3f1b33ce920b245d635915810cb97fb9887db0eba168d5f7a"
